
Microsoft Visual Studio Solution File, Format Version 12.00
# Visual Studio 15
VisualStudioVersion = 15.0.28307.539
MinimumVisualStudioVersion = 10.0.40219.1
Project("{8BC9CEB8-8B4A-11D0-8D11-00A0C91BC942}") = "nasty 7", "nasty 7\nasty 7.vcxproj", "{BD210C78-4371-4245-81B3-0B396BBE86DE}"
EndProject
Global
	GlobalSection(SolutionConfigurationPlatforms) = preSolution
		Debug|x64 = Debug|x64
		Debug|x86 = Debug|x86
		Release|x64 = Release|x64
		Release|x86 = Release|x86
	EndGlobalSection
	GlobalSection(ProjectConfigurationPlatforms) = postSolution
		{BD210C78-4371-4245-81B3-0B396BBE86DE}.Debug|x64.ActiveCfg = Debug|x64
		{BD210C78-4371-4245-81B3-0B396BBE86DE}.Debug|x64.Build.0 = Debug|x64
		{BD210C78-4371-4245-81B3-0B396BBE86DE}.Debug|x86.ActiveCfg = Debug|Win32
		{BD210C78-4371-4245-81B3-0B396BBE86DE}.Debug|x86.Build.0 = Debug|Win32
		{BD210C78-4371-4245-81B3-0B396BBE86DE}.Release|x64.ActiveCfg = Release|x64
		{BD210C78-4371-4245-81B3-0B396BBE86DE}.Release|x64.Build.0 = Release|x64
		{BD210C78-4371-4245-81B3-0B396BBE86DE}.Release|x86.ActiveCfg = Release|Win32
		{BD210C78-4371-4245-81B3-0B396BBE86DE}.Release|x86.Build.0 = Release|Win32
	EndGlobalSection
	GlobalSection(SolutionProperties) = preSolution
		HideSolutionNode = FALSE
	EndGlobalSection
	GlobalSection(ExtensibilityGlobals) = postSolution
		SolutionGuid = {96284653-49F6-4B28-804A-7535B2F11FA3}
	EndGlobalSection
EndGlobal
